
Microsoft Visual Studio Solution File, Format Version 12.00
Project("{FAE04EC0-301F-11D3-BF4B-00C04F79EFBC}") = "PushAndPull", "PushAndPull\PushAndPull.csproj", "{97FF0397-9605-4C0B-AC1F-16B78FAB18B0}"
EndProject
Project("{FAE04EC0-301F-11D3-BF4B-00C04F79EFBC}") = "PushAndPull.Test", "PushAndPull.Test\PushAndPull.Test.csproj", "{BEA371F4-C6A9-4064-A9AD-3223B84117A9}"
EndProject
Global
	GlobalSection(SolutionConfigurationPlatforms) = preSolution
		Debug|Any CPU = Debug|Any CPU
		Debug|x64 = Debug|x64
		Debug|x86 = Debug|x86
		Release|Any CPU = Release|Any CPU
		Release|x64 = Release|x64
		Release|x86 = Release|x86
	EndGlobalSection
	GlobalSection(ProjectConfigurationPlatforms) = postSolution
		{97FF0397-9605-4C0B-AC1F-16B78FAB18B0}.Debug|Any CPU.ActiveCfg = Debug|Any CPU
		{97FF0397-9605-4C0B-AC1F-16B78FAB18B0}.Debug|Any CPU.Build.0 = Debug|Any CPU
		{97FF0397-9605-4C0B-AC1F-16B78FAB18B0}.Debug|x64.ActiveCfg = Debug|Any CPU
		{97FF0397-9605-4C0B-AC1F-16B78FAB18B0}.Debug|x64.Build.0 = Debug|Any CPU
		{97FF0397-9605-4C0B-AC1F-16B78FAB18B0}.Debug|x86.ActiveCfg = Debug|Any CPU
		{97FF0397-9605-4C0B-AC1F-16B78FAB18B0}.Debug|x86.Build.0 = Debug|Any CPU
		{97FF0397-9605-4C0B-AC1F-16B78FAB18B0}.Release|Any CPU.ActiveCfg = Release|Any CPU
		{97FF0397-9605-4C0B-AC1F-16B78FAB18B0}.Release|Any CPU.Build.0 = Release|Any CPU
		{97FF0397-9605-4C0B-AC1F-16B78FAB18B0}.Release|x64.ActiveCfg = Release|Any CPU
		{97FF0397-9605-4C0B-AC1F-16B78FAB18B0}.Release|x64.Build.0 = Release|Any CPU
		{97FF0397-9605-4C0B-AC1F-16B78FAB18B0}.Release|x86.ActiveCfg = Release|Any CPU
		{97FF0397-9605-4C0B-AC1F-16B78FAB18B0}.Release|x86.Build.0 = Release|Any CPU
		{BEA371F4-C6A9-4064-A9AD-3223B84117A9}.Debug|Any CPU.ActiveCfg = Debug|Any CPU
		{BEA371F4-C6A9-4064-A9AD-3223B84117A9}.Debug|Any CPU.Build.0 = Debug|Any CPU
		{BEA371F4-C6A9-4064-A9AD-3223B84117A9}.Debug|x64.ActiveCfg = Debug|Any CPU
		{BEA371F4-C6A9-4064-A9AD-3223B84117A9}.Debug|x64.Build.0 = Debug|Any CPU
		{BEA371F4-C6A9-4064-A9AD-3223B84117A9}.Debug|x86.ActiveCfg = Debug|Any CPU
		{BEA371F4-C6A9-4064-A9AD-3223B84117A9}.Debug|x86.Build.0 = Debug|Any CPU
		{BEA371F4-C6A9-4064-A9AD-3223B84117A9}.Release|Any CPU.ActiveCfg = Release|Any CPU
		{BEA371F4-C6A9-4064-A9AD-3223B84117A9}.Release|Any CPU.Build.0 = Release|Any CPU
		{BEA371F4-C6A9-4064-A9AD-3223B84117A9}.Release|x64.ActiveCfg = Release|Any CPU
		{BEA371F4-C6A9-4064-A9AD-3223B84117A9}.Release|x64.Build.0 = Release|Any CPU
		{BEA371F4-C6A9-4064-A9AD-3223B84117A9}.Release|x86.ActiveCfg = Release|Any CPU
		{BEA371F4-C6A9-4064-A9AD-3223B84117A9}.Release|x86.Build.0 = Release|Any CPU
	EndGlobalSection
	GlobalSection(SolutionProperties) = preSolution
		HideSolutionNode = FALSE
	EndGlobalSection
EndGlobal
