
Microsoft Visual Studio Solution File, Format Version 12.00
Project("{2150E333-8FDC-42A3-9474-1A3956D46DE8}") = "Server", "Server", "{9993E701-2E0B-4C34-B9FA-A660C3DEE75B}"
EndProject
Project("{FAE04EC0-301F-11D3-BF4B-00C04F79EFBC}") = "Server", "Server\Server.csproj", "{97FF0397-9605-4C0B-AC1F-16B78FAB18B0}"
EndProject
Global
	GlobalSection(SolutionConfigurationPlatforms) = preSolution
		Debug|Any CPU = Debug|Any CPU
		Release|Any CPU = Release|Any CPU
	EndGlobalSection
	GlobalSection(NestedProjects) = preSolution
		{97FF0397-9605-4C0B-AC1F-16B78FAB18B0} = {9993E701-2E0B-4C34-B9FA-A660C3DEE75B}
	EndGlobalSection
	GlobalSection(ProjectConfigurationPlatforms) = postSolution
		{97FF0397-9605-4C0B-AC1F-16B78FAB18B0}.Debug|Any CPU.ActiveCfg = Debug|Any CPU
		{97FF0397-9605-4C0B-AC1F-16B78FAB18B0}.Debug|Any CPU.Build.0 = Debug|Any CPU
		{97FF0397-9605-4C0B-AC1F-16B78FAB18B0}.Release|Any CPU.ActiveCfg = Release|Any CPU
		{97FF0397-9605-4C0B-AC1F-16B78FAB18B0}.Release|Any CPU.Build.0 = Release|Any CPU
	EndGlobalSection
EndGlobal
